
Microsoft Visual Studio Solution File, Format Version 12.00
# Visual Studio Version 17
VisualStudioVersion = 17.13.35825.156 d17.13
MinimumVisualStudioVersion = 10.0.40219.1
Project("{FAE04EC0-301F-11D3-BF4B-00C04F79EFBC}") = "CALIMOE", "CALIMOE.csproj", "{F4DDF060-6A25-4834-9B2A-D17461213DAC}"
EndProject
Global
	GlobalSection(SolutionConfigurationPlatforms) = preSolution
		Debug|Any CPU = Debug|Any CPU
		Release|Any CPU = Release|Any CPU
	EndGlobalSection
	GlobalSection(ProjectConfigurationPlatforms) = postSolution
		{F4DDF060-6A25-4834-9B2A-D17461213DAC}.Debug|Any CPU.ActiveCfg = Debug|Any CPU
		{F4DDF060-6A25-4834-9B2A-D17461213DAC}.Debug|Any CPU.Build.0 = Debug|Any CPU
		{F4DDF060-6A25-4834-9B2A-D17461213DAC}.Release|Any CPU.ActiveCfg = Release|Any CPU
		{F4DDF060-6A25-4834-9B2A-D17461213DAC}.Release|Any CPU.Build.0 = Release|Any CPU
	EndGlobalSection
	GlobalSection(SolutionProperties) = preSolution
		HideSolutionNode = FALSE
	EndGlobalSection
	GlobalSection(ExtensibilityGlobals) = postSolution
		SolutionGuid = {FE72E42D-2E75-4BE2-8649-B41F459EF8C4}
	EndGlobalSection
EndGlobal
